
Microsoft Visual Studio Solution File, Format Version 12.00
# Visual Studio Version 16
VisualStudioVersion = 16.0.32630.194
MinimumVisualStudioVersion = 10.0.40219.1
Project("{FAE04EC0-301F-11D3-BF4B-00C04F79EFBC}") = "AnonymousMethod", "AnonymousMethod\AnonymousMethod.csproj", "{59B6185E-CC76-4332-BE60-184C65432B17}"
EndProject
Global
	GlobalSection(SolutionConfigurationPlatforms) = preSolution
		Debug|Any CPU = Debug|Any CPU
		Release|Any CPU = Release|Any CPU
	EndGlobalSection
	GlobalSection(ProjectConfigurationPlatforms) = postSolution
		{59B6185E-CC76-4332-BE60-184C65432B17}.Debug|Any CPU.ActiveCfg = Debug|Any CPU
		{59B6185E-CC76-4332-BE60-184C65432B17}.Debug|Any CPU.Build.0 = Debug|Any CPU
		{59B6185E-CC76-4332-BE60-184C65432B17}.Release|Any CPU.ActiveCfg = Release|Any CPU
		{59B6185E-CC76-4332-BE60-184C65432B17}.Release|Any CPU.Build.0 = Release|Any CPU
	EndGlobalSection
	GlobalSection(SolutionProperties) = preSolution
		HideSolutionNode = FALSE
	EndGlobalSection
	GlobalSection(ExtensibilityGlobals) = postSolution
		SolutionGuid = {18AC1A77-62CF-490D-B831-11B6313AA07A}
	EndGlobalSection
EndGlobal
